
Microsoft Visual Studio Solution File, Format Version 12.00
# Visual Studio Version 17
VisualStudioVersion = 17.7.34302.85
MinimumVisualStudioVersion = 10.0.40219.1
Project("{2150E333-8FDC-42A3-9474-1A3956D46DE8}") = "src", "src", "{B76ED77D-EF07-4CA2-893D-C3BE2459C980}"
EndProject
Project("{2150E333-8FDC-42A3-9474-1A3956D46DE8}") = "tests", "tests", "{5CFE9AB3-AD34-47AE-8FF7-E44BDCF7EB13}"
EndProject
Project("{2150E333-8FDC-42A3-9474-1A3956D46DE8}") = "API", "API", "{AC8DCA33-0F94-4B30-919D-F4C66298301C}"
EndProject
Project("{2150E333-8FDC-42A3-9474-1A3956D46DE8}") = "Infrastructure", "Infrastructure", "{8BEB87FC-C51A-4728-925C-1B9FD872EA6D}"
EndProject
Project("{2150E333-8FDC-42A3-9474-1A3956D46DE8}") = "Core", "Core", "{7ADB4BE8-022C-4871-9C7D-04FA8CD435C2}"
EndProject
Project("{2150E333-8FDC-42A3-9474-1A3956D46DE8}") = "UI", "UI", "{CE22146F-042F-4702-901D-A04CA7AB8013}"
EndProject
Project("{9A19103F-16F7-4668-BE54-9A1E7A4F7556}") = "OptiCore.Domain", "OptiCore.Domain\OptiCore.Domain.csproj", "{C561422F-E6F9-4B35-9C6B-4179C372E9D0}"
EndProject
Project("{9A19103F-16F7-4668-BE54-9A1E7A4F7556}") = "OptiCore.Application", "OptiCore.Application\OptiCore.Application.csproj", "{FD14285A-254B-40CA-8BF4-50C5F031EA32}"
EndProject
Project("{9A19103F-16F7-4668-BE54-9A1E7A4F7556}") = "Opticore.Persistance", "Opticore.Persistance\Opticore.Persistance.csproj", "{9C4C01A4-80EF-4E74-90B5-552191DE40D9}"
EndProject
Project("{9A19103F-16F7-4668-BE54-9A1E7A4F7556}") = "Opticore.Infrastructure", "Opticore.Infrastructure\Opticore.Infrastructure.csproj", "{A199C5D5-525D-4ED4-BC14-DA25456AD9C4}"
EndProject
Project("{9A19103F-16F7-4668-BE54-9A1E7A4F7556}") = "OptiCore.API", "OptiCore.API\OptiCore.API.csproj", "{09B1AE32-21C4-4CBC-8256-820819AF3B42}"
EndProject
Project("{9A19103F-16F7-4668-BE54-9A1E7A4F7556}") = "BlazorUI", "BlazorUI\BlazorUI.csproj", "{57FB62B0-C8C3-4E5F-9C95-B2D2530247E4}"
EndProject
Project("{54A90642-561A-4BB1-A94E-469ADEE60C69}") = "Opticore.ReactUI", "ReactJSUI\Opticore.ReactUI.esproj", "{D3EB10D9-12E3-413B-9B2B-9E4A65E6DDBF}"
EndProject
Project("{9A19103F-16F7-4668-BE54-9A1E7A4F7556}") = "Opticore.Identity", "Opticore.Identity\Opticore.Identity.csproj", "{1C2E547F-D4A9-4D67-BC2F-89A039BFEC97}"
EndProject
Project("{E24C65DC-7377-472B-9ABA-BC803B73C61A}") = "OptiCore.UI", "OptiCore.UI\", "{EF3F0AD6-EAA3-45C5-BF3D-0D90190E690F}"
	ProjectSection(WebsiteProperties) = preProject
		TargetFrameworkMoniker = ".NETFramework,Version%3Dv4.8.1"
		Debug.AspNetCompiler.VirtualPath = "/localhost_63606"
		Debug.AspNetCompiler.PhysicalPath = "OptiCore.UI\"
		Debug.AspNetCompiler.TargetPath = "PrecompiledWeb\localhost_63606\"
		Debug.AspNetCompiler.Updateable = "true"
		Debug.AspNetCompiler.ForceOverwrite = "true"
		Debug.AspNetCompiler.FixedNames = "false"
		Debug.AspNetCompiler.Debug = "True"
		Release.AspNetCompiler.VirtualPath = "/localhost_63606"
		Release.AspNetCompiler.PhysicalPath = "OptiCore.UI\"
		Release.AspNetCompiler.TargetPath = "PrecompiledWeb\localhost_63606\"
		Release.AspNetCompiler.Updateable = "true"
		Release.AspNetCompiler.ForceOverwrite = "true"
		Release.AspNetCompiler.FixedNames = "false"
		Release.AspNetCompiler.Debug = "False"
		VWDPort = "63606"
	EndProjectSection
EndProject
Global
	GlobalSection(SolutionConfigurationPlatforms) = preSolution
		Debug|Any CPU = Debug|Any CPU
		Release|Any CPU = Release|Any CPU
	EndGlobalSection
	GlobalSection(ProjectConfigurationPlatforms) = postSolution
		{C561422F-E6F9-4B35-9C6B-4179C372E9D0}.Debug|Any CPU.ActiveCfg = Debug|Any CPU
		{C561422F-E6F9-4B35-9C6B-4179C372E9D0}.Debug|Any CPU.Build.0 = Debug|Any CPU
		{C561422F-E6F9-4B35-9C6B-4179C372E9D0}.Release|Any CPU.ActiveCfg = Release|Any CPU
		{C561422F-E6F9-4B35-9C6B-4179C372E9D0}.Release|Any CPU.Build.0 = Release|Any CPU
		{FD14285A-254B-40CA-8BF4-50C5F031EA32}.Debug|Any CPU.ActiveCfg = Debug|Any CPU
		{FD14285A-254B-40CA-8BF4-50C5F031EA32}.Debug|Any CPU.Build.0 = Debug|Any CPU
		{FD14285A-254B-40CA-8BF4-50C5F031EA32}.Release|Any CPU.ActiveCfg = Release|Any CPU
		{FD14285A-254B-40CA-8BF4-50C5F031EA32}.Release|Any CPU.Build.0 = Release|Any CPU
		{9C4C01A4-80EF-4E74-90B5-552191DE40D9}.Debug|Any CPU.ActiveCfg = Debug|Any CPU
		{9C4C01A4-80EF-4E74-90B5-552191DE40D9}.Debug|Any CPU.Build.0 = Debug|Any CPU
		{9C4C01A4-80EF-4E74-90B5-552191DE40D9}.Release|Any CPU.ActiveCfg = Release|Any CPU
		{9C4C01A4-80EF-4E74-90B5-552191DE40D9}.Release|Any CPU.Build.0 = Release|Any CPU
		{A199C5D5-525D-4ED4-BC14-DA25456AD9C4}.Debug|Any CPU.ActiveCfg = Debug|Any CPU
		{A199C5D5-525D-4ED4-BC14-DA25456AD9C4}.Debug|Any CPU.Build.0 = Debug|Any CPU
		{A199C5D5-525D-4ED4-BC14-DA25456AD9C4}.Release|Any CPU.ActiveCfg = Release|Any CPU
		{A199C5D5-525D-4ED4-BC14-DA25456AD9C4}.Release|Any CPU.Build.0 = Release|Any CPU
		{09B1AE32-21C4-4CBC-8256-820819AF3B42}.Debug|Any CPU.ActiveCfg = Debug|Any CPU
		{09B1AE32-21C4-4CBC-8256-820819AF3B42}.Debug|Any CPU.Build.0 = Debug|Any CPU
		{09B1AE32-21C4-4CBC-8256-820819AF3B42}.Release|Any CPU.ActiveCfg = Release|Any CPU
		{09B1AE32-21C4-4CBC-8256-820819AF3B42}.Release|Any CPU.Build.0 = Release|Any CPU
		{57FB62B0-C8C3-4E5F-9C95-B2D2530247E4}.Debug|Any CPU.ActiveCfg = Debug|Any CPU
		{57FB62B0-C8C3-4E5F-9C95-B2D2530247E4}.Debug|Any CPU.Build.0 = Debug|Any CPU
		{57FB62B0-C8C3-4E5F-9C95-B2D2530247E4}.Release|Any CPU.ActiveCfg = Release|Any CPU
		{57FB62B0-C8C3-4E5F-9C95-B2D2530247E4}.Release|Any CPU.Build.0 = Release|Any CPU
		{D3EB10D9-12E3-413B-9B2B-9E4A65E6DDBF}.Debug|Any CPU.ActiveCfg = Debug|Any CPU
		{D3EB10D9-12E3-413B-9B2B-9E4A65E6DDBF}.Debug|Any CPU.Build.0 = Debug|Any CPU
		{D3EB10D9-12E3-413B-9B2B-9E4A65E6DDBF}.Debug|Any CPU.Deploy.0 = Debug|Any CPU
		{D3EB10D9-12E3-413B-9B2B-9E4A65E6DDBF}.Release|Any CPU.ActiveCfg = Release|Any CPU
		{D3EB10D9-12E3-413B-9B2B-9E4A65E6DDBF}.Release|Any CPU.Build.0 = Release|Any CPU
		{D3EB10D9-12E3-413B-9B2B-9E4A65E6DDBF}.Release|Any CPU.Deploy.0 = Release|Any CPU
		{1C2E547F-D4A9-4D67-BC2F-89A039BFEC97}.Debug|Any CPU.ActiveCfg = Debug|Any CPU
		{1C2E547F-D4A9-4D67-BC2F-89A039BFEC97}.Debug|Any CPU.Build.0 = Debug|Any CPU
		{1C2E547F-D4A9-4D67-BC2F-89A039BFEC97}.Release|Any CPU.ActiveCfg = Release|Any CPU
		{1C2E547F-D4A9-4D67-BC2F-89A039BFEC97}.Release|Any CPU.Build.0 = Release|Any CPU
		{EF3F0AD6-EAA3-45C5-BF3D-0D90190E690F}.Debug|Any CPU.ActiveCfg = Debug|Any CPU
		{EF3F0AD6-EAA3-45C5-BF3D-0D90190E690F}.Debug|Any CPU.Build.0 = Debug|Any CPU
		{EF3F0AD6-EAA3-45C5-BF3D-0D90190E690F}.Release|Any CPU.ActiveCfg = Debug|Any CPU
		{EF3F0AD6-EAA3-45C5-BF3D-0D90190E690F}.Release|Any CPU.Build.0 = Debug|Any CPU
	EndGlobalSection
	GlobalSection(SolutionProperties) = preSolution
		HideSolutionNode = FALSE
	EndGlobalSection
	GlobalSection(NestedProjects) = preSolution
		{AC8DCA33-0F94-4B30-919D-F4C66298301C} = {B76ED77D-EF07-4CA2-893D-C3BE2459C980}
		{8BEB87FC-C51A-4728-925C-1B9FD872EA6D} = {B76ED77D-EF07-4CA2-893D-C3BE2459C980}
		{7ADB4BE8-022C-4871-9C7D-04FA8CD435C2} = {B76ED77D-EF07-4CA2-893D-C3BE2459C980}
		{CE22146F-042F-4702-901D-A04CA7AB8013} = {B76ED77D-EF07-4CA2-893D-C3BE2459C980}
		{C561422F-E6F9-4B35-9C6B-4179C372E9D0} = {7ADB4BE8-022C-4871-9C7D-04FA8CD435C2}
		{FD14285A-254B-40CA-8BF4-50C5F031EA32} = {7ADB4BE8-022C-4871-9C7D-04FA8CD435C2}
		{9C4C01A4-80EF-4E74-90B5-552191DE40D9} = {8BEB87FC-C51A-4728-925C-1B9FD872EA6D}
		{A199C5D5-525D-4ED4-BC14-DA25456AD9C4} = {8BEB87FC-C51A-4728-925C-1B9FD872EA6D}
		{09B1AE32-21C4-4CBC-8256-820819AF3B42} = {AC8DCA33-0F94-4B30-919D-F4C66298301C}
		{57FB62B0-C8C3-4E5F-9C95-B2D2530247E4} = {CE22146F-042F-4702-901D-A04CA7AB8013}
		{D3EB10D9-12E3-413B-9B2B-9E4A65E6DDBF} = {CE22146F-042F-4702-901D-A04CA7AB8013}
		{1C2E547F-D4A9-4D67-BC2F-89A039BFEC97} = {8BEB87FC-C51A-4728-925C-1B9FD872EA6D}
		{EF3F0AD6-EAA3-45C5-BF3D-0D90190E690F} = {CE22146F-042F-4702-901D-A04CA7AB8013}
	EndGlobalSection
	GlobalSection(ExtensibilityGlobals) = postSolution
		SolutionGuid = {AFFFE8A2-53EF-4F86-924F-102F0A8DEDB3}
	EndGlobalSection
EndGlobal
